
Microsoft Visual Studio Solution File, Format Version 12.00
# Visual Studio 15
VisualStudioVersion = 15.0.27703.2000
MinimumVisualStudioVersion = 10.0.40219.1
Project("{FAE04EC0-301F-11D3-BF4B-00C04F79EFBC}") = "VideoOnDemand.UI", "VideoOnDemand.UI\VideoOnDemand.UI.csproj", "{11742D69-9771-4BF2-806D-482171AC0B7D}"
EndProject
Project("{FAE04EC0-301F-11D3-BF4B-00C04F79EFBC}") = "VideoOnDemand.Data", "VideoOnDemand.Data\VideoOnDemand.Data.csproj", "{A8C52510-D521-4D52-A15A-EF579ECFF879}"
EndProject
Global
	GlobalSection(SolutionConfigurationPlatforms) = preSolution
		Debug|Any CPU = Debug|Any CPU
		Release|Any CPU = Release|Any CPU
	EndGlobalSection
	GlobalSection(ProjectConfigurationPlatforms) = postSolution
		{11742D69-9771-4BF2-806D-482171AC0B7D}.Debug|Any CPU.ActiveCfg = Debug|Any CPU
		{11742D69-9771-4BF2-806D-482171AC0B7D}.Debug|Any CPU.Build.0 = Debug|Any CPU
		{11742D69-9771-4BF2-806D-482171AC0B7D}.Release|Any CPU.ActiveCfg = Release|Any CPU
		{11742D69-9771-4BF2-806D-482171AC0B7D}.Release|Any CPU.Build.0 = Release|Any CPU
		{A8C52510-D521-4D52-A15A-EF579ECFF879}.Debug|Any CPU.ActiveCfg = Debug|Any CPU
		{A8C52510-D521-4D52-A15A-EF579ECFF879}.Debug|Any CPU.Build.0 = Debug|Any CPU
		{A8C52510-D521-4D52-A15A-EF579ECFF879}.Release|Any CPU.ActiveCfg = Release|Any CPU
		{A8C52510-D521-4D52-A15A-EF579ECFF879}.Release|Any CPU.Build.0 = Release|Any CPU
	EndGlobalSection
	GlobalSection(SolutionProperties) = preSolution
		HideSolutionNode = FALSE
	EndGlobalSection
	GlobalSection(ExtensibilityGlobals) = postSolution
		SolutionGuid = {47C6EE4D-7A57-4086-8E31-B491A94AF5EC}
	EndGlobalSection
EndGlobal
